
Microsoft Visual Studio Solution File, Format Version 12.00
# Visual Studio Version 17
VisualStudioVersion = 17.10.35027.167
MinimumVisualStudioVersion = 10.0.40219.1
Project("{FAE04EC0-301F-11D3-BF4B-00C04F79EFBC}") = "RoomAPI", "RoomAPI\RoomAPI.csproj", "{CCDEED17-DDE1-4037-94E8-4EE6DF09452E}"
EndProject
Global
	GlobalSection(SolutionConfigurationPlatforms) = preSolution
		Debug|Any CPU = Debug|Any CPU
		Release|Any CPU = Release|Any CPU
	EndGlobalSection
	GlobalSection(ProjectConfigurationPlatforms) = postSolution
		{CCDEED17-DDE1-4037-94E8-4EE6DF09452E}.Debug|Any CPU.ActiveCfg = Debug|Any CPU
		{CCDEED17-DDE1-4037-94E8-4EE6DF09452E}.Debug|Any CPU.Build.0 = Debug|Any CPU
		{CCDEED17-DDE1-4037-94E8-4EE6DF09452E}.Release|Any CPU.ActiveCfg = Release|Any CPU
		{CCDEED17-DDE1-4037-94E8-4EE6DF09452E}.Release|Any CPU.Build.0 = Release|Any CPU
	EndGlobalSection
	GlobalSection(SolutionProperties) = preSolution
		HideSolutionNode = FALSE
	EndGlobalSection
	GlobalSection(ExtensibilityGlobals) = postSolution
		SolutionGuid = {AC5B0C54-24C5-4422-B6B1-81AA3004F030}
	EndGlobalSection
EndGlobal
